// !$*UTF8*$!
{
	archiveVersion = 1;
	classes = {
	};
	objectVersion = 46;
	objects = {

/* Begin PBXBuildFile section */
		D34DA911165F069300AEA9C2 /* UIKit.framework in Frameworks */ = {isa = PBXBuildFile; fileRef = D34DA910165F069300AEA9C2 /* UIKit.framework */; };
		D34DA913165F069300AEA9C2 /* Foundation.framework in Frameworks */ = {isa = PBXBuildFile; fileRef = D34DA912165F069300AEA9C2 /* Foundation.framework */; };
		D34DA915165F069300AEA9C2 /* CoreGraphics.framework in Frameworks */ = {isa = PBXBuildFile; fileRef = D34DA914165F069300AEA9C2 /* CoreGraphics.framework */; };
		D34DA91B165F069300AEA9C2 /* InfoPlist.strings in Resources */ = {isa = PBXBuildFile; fileRef = D34DA919165F069300AEA9C2 /* InfoPlist.strings */; };
		D34DA91D165F069300AEA9C2 /* main.m in Sources */ = {isa = PBXBuildFile; fileRef = D34DA91C165F069300AEA9C2 /* main.m */; };
		D34DA921165F069300AEA9C2 /* VectorAppDelegate.m in Sources */ = {isa = PBXBuildFile; fileRef = D34DA920165F069300AEA9C2 /* VectorAppDelegate.m */; };
		D34DA923165F069300AEA9C2 /* Default.png in Resources */ = {isa = PBXBuildFile; fileRef = D34DA922165F069300AEA9C2 /* Default.png */; };
		D34DA925165F069300AEA9C2 /* Default@2x.png in Resources */ = {isa = PBXBuildFile; fileRef = D34DA924165F069300AEA9C2 /* Default@2x.png */; };
		D34DA927165F069300AEA9C2 /* Default-568h@2x.png in Resources */ = {isa = PBXBuildFile; fileRef = D34DA926165F069300AEA9C2 /* Default-568h@2x.png */; };
		D34DA939165F09FE00AEA9C2 /* MainViewController.m in Sources */ = {isa = PBXBuildFile; fileRef = D34DA938165F09FE00AEA9C2 /* MainViewController.m */; };
		D34DA93D165F0CF100AEA9C2 /* GLKit.framework in Frameworks */ = {isa = PBXBuildFile; fileRef = D34DA93C165F0CF100AEA9C2 /* GLKit.framework */; };
		D34DA93F165F0D0700AEA9C2 /* OpenGLES.framework in Frameworks */ = {isa = PBXBuildFile; fileRef = D34DA93E165F0D0700AEA9C2 /* OpenGLES.framework */; };
		D34DA942165F113E00AEA9C2 /* vector_display.c in Sources */ = {isa = PBXBuildFile; fileRef = D34DA941165F113E00AEA9C2 /* vector_display.c */; };
		D34DA944165F116D00AEA9C2 /* vector_display_platform_ios.c in Sources */ = {isa = PBXBuildFile; fileRef = D34DA943165F116D00AEA9C2 /* vector_display_platform_ios.c */; };
		D3779FB516925E08008C7653 /* vector_font_simplex.c in Sources */ = {isa = PBXBuildFile; fileRef = D3779FB316925E08008C7653 /* vector_font_simplex.c */; };
/* End PBXBuildFile section */

/* Begin PBXFileReference section */
		D34DA90C165F069300AEA9C2 /* Vector.app */ = {isa = PBXFileReference; explicitFileType = wrapper.application; includeInIndex = 0; path = Vector.app; sourceTree = BUILT_PRODUCTS_DIR; };
		D34DA910165F069300AEA9C2 /* UIKit.framework */ = {isa = PBXFileReference; lastKnownFileType = wrapper.framework; name = UIKit.framework; path = System/Library/Frameworks/UIKit.framework; sourceTree = SDKROOT; };
		D34DA912165F069300AEA9C2 /* Foundation.framework */ = {isa = PBXFileReference; lastKnownFileType = wrapper.framework; name = Foundation.framework; path = System/Library/Frameworks/Foundation.framework; sourceTree = SDKROOT; };
		D34DA914165F069300AEA9C2 /* CoreGraphics.framework */ = {isa = PBXFileReference; lastKnownFileType = wrapper.framework; name = CoreGraphics.framework; path = System/Library/Frameworks/CoreGraphics.framework; sourceTree = SDKROOT; };
		D34DA918165F069300AEA9C2 /* Vector-Info.plist */ = {isa = PBXFileReference; lastKnownFileType = text.plist.xml; path = "Vector-Info.plist"; sourceTree = "<group>"; };
		D34DA91A165F069300AEA9C2 /* en */ = {isa = PBXFileReference; lastKnownFileType = text.plist.strings; name = en; path = en.lproj/InfoPlist.strings; sourceTree = "<group>"; };
		D34DA91C165F069300AEA9C2 /* main.m */ = {isa = PBXFileReference; lastKnownFileType = sourcecode.c.objc; path = main.m; sourceTree = "<group>"; };
		D34DA91E165F069300AEA9C2 /* Vector-Prefix.pch */ = {isa = PBXFileReference; lastKnownFileType = sourcecode.c.h; path = "Vector-Prefix.pch"; sourceTree = "<group>"; };
		D34DA91F165F069300AEA9C2 /* VectorAppDelegate.h */ = {isa = PBXFileReference; lastKnownFileType = sourcecode.c.h; path = VectorAppDelegate.h; sourceTree = "<group>"; };
		D34DA920165F069300AEA9C2 /* VectorAppDelegate.m */ = {isa = PBXFileReference; lastKnownFileType = sourcecode.c.objc; path = VectorAppDelegate.m; sourceTree = "<group>"; };
		D34DA922165F069300AEA9C2 /* Default.png */ = {isa = PBXFileReference; lastKnownFileType = image.png; path = Default.png; sourceTree = "<group>"; };
		D34DA924165F069300AEA9C2 /* Default@2x.png */ = {isa = PBXFileReference; lastKnownFileType = image.png; path = "Default@2x.png"; sourceTree = "<group>"; };
		D34DA926165F069300AEA9C2 /* Default-568h@2x.png */ = {isa = PBXFileReference; lastKnownFileType = image.png; path = "Default-568h@2x.png"; sourceTree = "<group>"; };
		D34DA937165F09FE00AEA9C2 /* MainViewController.h */ = {isa = PBXFileReference; fileEncoding = 4; lastKnownFileType = sourcecode.c.h; path = MainViewController.h; sourceTree = "<group>"; };
		D34DA938165F09FE00AEA9C2 /* MainViewController.m */ = {isa = PBXFileReference; fileEncoding = 4; lastKnownFileType = sourcecode.c.objc; path = MainViewController.m; sourceTree = "<group>"; };
		D34DA93C165F0CF100AEA9C2 /* GLKit.framework */ = {isa = PBXFileReference; lastKnownFileType = wrapper.framework; name = GLKit.framework; path = System/Library/Frameworks/GLKit.framework; sourceTree = SDKROOT; };
		D34DA93E165F0D0700AEA9C2 /* OpenGLES.framework */ = {isa = PBXFileReference; lastKnownFileType = wrapper.framework; name = OpenGLES.framework; path = System/Library/Frameworks/OpenGLES.framework; sourceTree = SDKROOT; };
		D34DA940165F113300AEA9C2 /* vector_display.h */ = {isa = PBXFileReference; lastKnownFileType = sourcecode.c.h; path = vector_display.h; sourceTree = "<group>"; };
		D34DA941165F113E00AEA9C2 /* vector_display.c */ = {isa = PBXFileReference; fileEncoding = 4; lastKnownFileType = sourcecode.c.c; path = vector_display.c; sourceTree = "<group>"; };
		D34DA943165F116D00AEA9C2 /* vector_display_platform_ios.c */ = {isa = PBXFileReference; fileEncoding = 4; lastKnownFileType = sourcecode.c.c; path = vector_display_platform_ios.c; sourceTree = "<group>"; };
		D34DA945165F118600AEA9C2 /* vector_display_platform.h */ = {isa = PBXFileReference; lastKnownFileType = sourcecode.c.h; path = vector_display_platform.h; sourceTree = "<group>"; };
		D3779FB316925E08008C7653 /* vector_font_simplex.c */ = {isa = PBXFileReference; fileEncoding = 4; lastKnownFileType = sourcecode.c.c; path = vector_font_simplex.c; sourceTree = "<group>"; };
		D3779FB416925E08008C7653 /* vector_font_simplex.h */ = {isa = PBXFileReference; fileEncoding = 4; lastKnownFileType = sourcecode.c.h; path = vector_font_simplex.h; sourceTree = "<group>"; };
/* End PBXFileReference section */

/* Begin PBXFrameworksBuildPhase section */
		D34DA909165F069300AEA9C2 /* Frameworks */ = {
			isa = PBXFrameworksBuildPhase;
			buildActionMask = 2147483647;
			files = (
				D34DA93F165F0D0700AEA9C2 /* OpenGLES.framework in Frameworks */,
				D34DA93D165F0CF100AEA9C2 /* GLKit.framework in Frameworks */,
				D34DA911165F069300AEA9C2 /* UIKit.framework in Frameworks */,
				D34DA913165F069300AEA9C2 /* Foundation.framework in Frameworks */,
				D34DA915165F069300AEA9C2 /* CoreGraphics.framework in Frameworks */,
			);
			runOnlyForDeploymentPostprocessing = 0;
		};
/* End PBXFrameworksBuildPhase section */

/* Begin PBXGroup section */
		D34DA901165F069300AEA9C2 = {
			isa = PBXGroup;
			children = (
				D34DA93E165F0D0700AEA9C2 /* OpenGLES.framework */,
				D34DA93C165F0CF100AEA9C2 /* GLKit.framework */,
				D34DA916165F069300AEA9C2 /* Vector */,
				D34DA90F165F069300AEA9C2 /* Frameworks */,
				D34DA90D165F069300AEA9C2 /* Products */,
			);
			sourceTree = "<group>";
		};
		D34DA90D165F069300AEA9C2 /* Products */ = {
			isa = PBXGroup;
			children = (
				D34DA90C165F069300AEA9C2 /* Vector.app */,
			);
			name = Products;
			sourceTree = "<group>";
		};
		D34DA90F165F069300AEA9C2 /* Frameworks */ = {
			isa = PBXGroup;
			children = (
				D34DA910165F069300AEA9C2 /* UIKit.framework */,
				D34DA912165F069300AEA9C2 /* Foundation.framework */,
				D34DA914165F069300AEA9C2 /* CoreGraphics.framework */,
			);
			name = Frameworks;
			sourceTree = "<group>";
		};
		D34DA916165F069300AEA9C2 /* Vector */ = {
			isa = PBXGroup;
			children = (
				D34DA91F165F069300AEA9C2 /* VectorAppDelegate.h */,
				D34DA920165F069300AEA9C2 /* VectorAppDelegate.m */,
				D34DA917165F069300AEA9C2 /* Supporting Files */,
				D34DA937165F09FE00AEA9C2 /* MainViewController.h */,
				D34DA938165F09FE00AEA9C2 /* MainViewController.m */,
				D34DA940165F113300AEA9C2 /* vector_display.h */,
				D3779FB316925E08008C7653 /* vector_font_simplex.c */,
				D3779FB416925E08008C7653 /* vector_font_simplex.h */,
				D34DA941165F113E00AEA9C2 /* vector_display.c */,
				D34DA943165F116D00AEA9C2 /* vector_display_platform_ios.c */,
				D34DA945165F118600AEA9C2 /* vector_display_platform.h */,
			);
			path = Vector;
			sourceTree = "<group>";
		};
		D34DA917165F069300AEA9C2 /* Supporting Files */ = {
			isa = PBXGroup;
			children = (
				D34DA918165F069300AEA9C2 /* Vector-Info.plist */,
				D34DA919165F069300AEA9C2 /* InfoPlist.strings */,
				D34DA91C165F069300AEA9C2 /* main.m */,
				D34DA91E165F069300AEA9C2 /* Vector-Prefix.pch */,
				D34DA922165F069300AEA9C2 /* Default.png */,
				D34DA924165F069300AEA9C2 /* Default@2x.png */,
				D34DA926165F069300AEA9C2 /* Default-568h@2x.png */,
			);
			name = "Supporting Files";
			sourceTree = "<group>";
		};
/* End PBXGroup section */

/* Begin PBXNativeTarget section */
		D34DA90B165F069300AEA9C2 /* Vector */ = {
			isa = PBXNativeTarget;
			buildConfigurationList = D34DA92A165F069300AEA9C2 /* Build configuration list for PBXNativeTarget "Vector" */;
			buildPhases = (
				D34DA908165F069300AEA9C2 /* Sources */,
				D34DA909165F069300AEA9C2 /* Frameworks */,
				D34DA90A165F069300AEA9C2 /* Resources */,
			);
			buildRules = (
			);
			dependencies = (
			);
			name = Vector;
			productName = Vector;
			productReference = D34DA90C165F069300AEA9C2 /* Vector.app */;
			productType = "com.apple.product-type.application";
		};
/* End PBXNativeTarget section */

/* Begin PBXProject section */
		D34DA903165F069300AEA9C2 /* Project object */ = {
			isa = PBXProject;
			attributes = {
				CLASSPREFIX = Vector;
				LastUpgradeCheck = 0450;
				ORGANIZATIONNAME = "Brian Luczkiewicz";
			};
			buildConfigurationList = D34DA906165F069300AEA9C2 /* Build configuration list for PBXProject "Vector" */;
			compatibilityVersion = "Xcode 3.2";
			developmentRegion = English;
			hasScannedForEncodings = 0;
			knownRegions = (
				en,
			);
			mainGroup = D34DA901165F069300AEA9C2;
			productRefGroup = D34DA90D165F069300AEA9C2 /* Products */;
			projectDirPath = "";
			projectRoot = "";
			targets = (
				D34DA90B165F069300AEA9C2 /* Vector */,
			);
		};
/* End PBXProject section */

/* Begin PBXResourcesBuildPhase section */
		D34DA90A165F069300AEA9C2 /* Resources */ = {
			isa = PBXResourcesBuildPhase;
			buildActionMask = 2147483647;
			files = (
				D34DA91B165F069300AEA9C2 /* InfoPlist.strings in Resources */,
				D34DA923165F069300AEA9C2 /* Default.png in Resources */,
				D34DA925165F069300AEA9C2 /* Default@2x.png in Resources */,
				D34DA927165F069300AEA9C2 /* Default-568h@2x.png in Resources */,
			);
			runOnlyForDeploymentPostprocessing = 0;
		};
/* End PBXResourcesBuildPhase section */

/* Begin PBXSourcesBuildPhase section */
		D34DA908165F069300AEA9C2 /* Sources */ = {
			isa = PBXSourcesBuildPhase;
			buildActionMask = 2147483647;
			files = (
				D34DA91D165F069300AEA9C2 /* main.m in Sources */,
				D34DA921165F069300AEA9C2 /* VectorAppDelegate.m in Sources */,
				D34DA939165F09FE00AEA9C2 /* MainViewController.m in Sources */,
				D34DA942165F113E00AEA9C2 /* vector_display.c in Sources */,
				D34DA944165F116D00AEA9C2 /* vector_display_platform_ios.c in Sources */,
				D3779FB516925E08008C7653 /* vector_font_simplex.c in Sources */,
			);
			runOnlyForDeploymentPostprocessing = 0;
		};
/* End PBXSourcesBuildPhase section */

/* Begin PBXVariantGroup section */
		D34DA919165F069300AEA9C2 /* InfoPlist.strings */ = {
			isa = PBXVariantGroup;
			children = (
				D34DA91A165F069300AEA9C2 /* en */,
			);
			name = InfoPlist.strings;
			sourceTree = "<group>";
		};
/* End PBXVariantGroup section */

/* Begin XCBuildConfiguration section */
		D34DA928165F069300AEA9C2 /* Debug */ = {
			isa = XCBuildConfiguration;
			buildSettings = {
				ALWAYS_SEARCH_USER_PATHS = NO;
				CLANG_CXX_LANGUAGE_STANDARD = "gnu++0x";
				CLANG_CXX_LIBRARY = "libc++";
				CLANG_ENABLE_OBJC_ARC = YES;
				CLANG_WARN_EMPTY_BODY = YES;
				CLANG_WARN__DUPLICATE_METHOD_MATCH = YES;
				"CODE_SIGN_IDENTITY[sdk=iphoneos*]" = "iPhone Developer";
				COPY_PHASE_STRIP = NO;
				GCC_C_LANGUAGE_STANDARD = gnu99;
				GCC_DYNAMIC_NO_PIC = NO;
				GCC_OPTIMIZATION_LEVEL = 0;
				GCC_PREPROCESSOR_DEFINITIONS = (
					"DEBUG=1",
					"$(inherited)",
				);
				GCC_SYMBOLS_PRIVATE_EXTERN = NO;
				GCC_WARN_ABOUT_RETURN_TYPE = YES;
				GCC_WARN_UNINITIALIZED_AUTOS = YES;
				GCC_WARN_UNUSED_VARIABLE = YES;
				IPHONEOS_DEPLOYMENT_TARGET = 6.0;
				ONLY_ACTIVE_ARCH = YES;
				SDKROOT = iphoneos;
				TARGETED_DEVICE_FAMILY = "1,2";
			};
			name = Debug;
		};
		D34DA929165F069300AEA9C2 /* Release */ = {
			isa = XCBuildConfiguration;
			buildSettings = {
				ALWAYS_SEARCH_USER_PATHS = NO;
				CLANG_CXX_LANGUAGE_STANDARD = "gnu++0x";
				CLANG_CXX_LIBRARY = "libc++";
				CLANG_ENABLE_OBJC_ARC = YES;
				CLANG_WARN_EMPTY_BODY = YES;
				CLANG_WARN__DUPLICATE_METHOD_MATCH = YES;
				"CODE_SIGN_IDENTITY[sdk=iphoneos*]" = "iPhone Developer";
				COPY_PHASE_STRIP = YES;
				GCC_C_LANGUAGE_STANDARD = gnu99;
				GCC_WARN_ABOUT_RETURN_TYPE = YES;
				GCC_WARN_UNINITIALIZED_AUTOS = YES;
				GCC_WARN_UNUSED_VARIABLE = YES;
				IPHONEOS_DEPLOYMENT_TARGET = 6.0;
				OTHER_CFLAGS = "-DNS_BLOCK_ASSERTIONS=1";
				SDKROOT = iphoneos;
				TARGETED_DEVICE_FAMILY = "1,2";
				VALIDATE_PRODUCT = YES;
			};
			name = Release;
		};
		D34DA92B165F069300AEA9C2 /* Debug */ = {
			isa = XCBuildConfiguration;
			buildSettings = {
				GCC_PRECOMPILE_PREFIX_HEADER = YES;
				GCC_PREFIX_HEADER = "Vector/Vector-Prefix.pch";
				INFOPLIST_FILE = "Vector/Vector-Info.plist";
				PRODUCT_NAME = "$(TARGET_NAME)";
				WRAPPER_EXTENSION = app;
			};
			name = Debug;
		};
		D34DA92C165F069300AEA9C2 /* Release */ = {
			isa = XCBuildConfiguration;
			buildSettings = {
				GCC_PRECOMPILE_PREFIX_HEADER = YES;
				GCC_PREFIX_HEADER = "Vector/Vector-Prefix.pch";
				INFOPLIST_FILE = "Vector/Vector-Info.plist";
				PRODUCT_NAME = "$(TARGET_NAME)";
				WRAPPER_EXTENSION = app;
			};
			name = Release;
		};
/* End XCBuildConfiguration section */

/* Begin XCConfigurationList section */
		D34DA906165F069300AEA9C2 /* Build configuration list for PBXProject "Vector" */ = {
			isa = XCConfigurationList;
			buildConfigurations = (
				D34DA928165F069300AEA9C2 /* Debug */,
				D34DA929165F069300AEA9C2 /* Release */,
			);
			defaultConfigurationIsVisible = 0;
			defaultConfigurationName = Release;
		};
		D34DA92A165F069300AEA9C2 /* Build configuration list for PBXNativeTarget "Vector" */ = {
			isa = XCConfigurationList;
			buildConfigurations = (
				D34DA92B165F069300AEA9C2 /* Debug */,
				D34DA92C165F069300AEA9C2 /* Release */,
			);
			defaultConfigurationIsVisible = 0;
			defaultConfigurationName = Release;
		};
/* End XCConfigurationList section */
	};
	rootObject = D34DA903165F069300AEA9C2 /* Project object */;
}
